
Microsoft Visual Studio Solution File, Format Version 12.00
Project("{FAE04EC0-301F-11D3-BF4B-00C04F79EFBC}") = "_0013. RomanToInteger", "_0013. RomanToInteger\_0013. RomanToInteger.csproj", "{D205AF4E-E336-48CA-8127-1CAE59E38EC4}"
EndProject
Project("{FAE04EC0-301F-11D3-BF4B-00C04F79EFBC}") = "_0020. Valid Parentheses", "_0020. Valid Parentheses\_0020. Valid Parentheses.csproj", "{6E5086FB-39C1-4158-A391-887CBB1A19A9}"
EndProject
Project("{FAE04EC0-301F-11D3-BF4B-00C04F79EFBC}") = "_0021. Merge Two Sorted Lists", "_0021. Merge Two Sorted Lists\_0021. Merge Two Sorted Lists.csproj", "{78BC1411-FF63-431A-803C-4B2EEEE752B9}"
EndProject
Project("{FAE04EC0-301F-11D3-BF4B-00C04F79EFBC}") = "_0026. Remove Duplicates from Sorted Array", "_0026. Remove Duplicates from Sorted Array\_0026. Remove Duplicates from Sorted Array.csproj", "{6D777239-CBA2-485A-8198-E99B67F16141}"
EndProject
Project("{FAE04EC0-301F-11D3-BF4B-00C04F79EFBC}") = "_0000. Example", "_0000. Example\_0000. Example.csproj", "{84E46C68-D36F-464C-AB99-9A1B3F20C4DA}"
EndProject
Project("{FAE04EC0-301F-11D3-BF4B-00C04F79EFBC}") = "_0027. Remove Element", "_0027. Remove Element\_0027. Remove Element.csproj", "{78A49FB6-171B-4C65-8B1F-58F392B8C25F}"
EndProject
Project("{2150E333-8FDC-42A3-9474-1A3956D46DE8}") = "Common", "Common", "{5409EB3F-8DAD-44CE-8023-27C7D8430A1C}"
	ProjectSection(SolutionItems) = preProject
		create_task_project.bat = create_task_project.bat
		create_task_project.sh = create_task_project.sh
	EndProjectSection
EndProject
Project("{FAE04EC0-301F-11D3-BF4B-00C04F79EFBC}") = "_0028. Find the Index of the First Occurrence in a String", "_0028. Find the Index of the First Occurrence in a String\_0028. Find the Index of the First Occurrence in a String.csproj", "{E3C127B9-4049-441A-85CE-C7AC10397774}"
EndProject
Project("{FAE04EC0-301F-11D3-BF4B-00C04F79EFBC}") = "_0058. Length of Last Word", "_0058. Length of Last Word\_0058. Length of Last Word.csproj", "{D07A8F93-1617-4D88-B21C-21BAFB307B03}"
EndProject
Project("{FAE04EC0-301F-11D3-BF4B-00C04F79EFBC}") = "_0066. Plus One", "_0066. Plus One\_0066. Plus One.csproj", "{39520306-222A-4FEB-B45F-D666CA4AA298}"
EndProject
Global
	GlobalSection(SolutionConfigurationPlatforms) = preSolution
		Debug|Any CPU = Debug|Any CPU
		Debug|x64 = Debug|x64
		Debug|x86 = Debug|x86
		Release|Any CPU = Release|Any CPU
		Release|x64 = Release|x64
		Release|x86 = Release|x86
	EndGlobalSection
	GlobalSection(ProjectConfigurationPlatforms) = postSolution
		{D205AF4E-E336-48CA-8127-1CAE59E38EC4}.Debug|Any CPU.ActiveCfg = Debug|Any CPU
		{D205AF4E-E336-48CA-8127-1CAE59E38EC4}.Debug|Any CPU.Build.0 = Debug|Any CPU
		{D205AF4E-E336-48CA-8127-1CAE59E38EC4}.Debug|x64.ActiveCfg = Debug|Any CPU
		{D205AF4E-E336-48CA-8127-1CAE59E38EC4}.Debug|x64.Build.0 = Debug|Any CPU
		{D205AF4E-E336-48CA-8127-1CAE59E38EC4}.Debug|x86.ActiveCfg = Debug|Any CPU
		{D205AF4E-E336-48CA-8127-1CAE59E38EC4}.Debug|x86.Build.0 = Debug|Any CPU
		{D205AF4E-E336-48CA-8127-1CAE59E38EC4}.Release|Any CPU.ActiveCfg = Release|Any CPU
		{D205AF4E-E336-48CA-8127-1CAE59E38EC4}.Release|Any CPU.Build.0 = Release|Any CPU
		{D205AF4E-E336-48CA-8127-1CAE59E38EC4}.Release|x64.ActiveCfg = Release|Any CPU
		{D205AF4E-E336-48CA-8127-1CAE59E38EC4}.Release|x64.Build.0 = Release|Any CPU
		{D205AF4E-E336-48CA-8127-1CAE59E38EC4}.Release|x86.ActiveCfg = Release|Any CPU
		{D205AF4E-E336-48CA-8127-1CAE59E38EC4}.Release|x86.Build.0 = Release|Any CPU
		{6E5086FB-39C1-4158-A391-887CBB1A19A9}.Debug|Any CPU.ActiveCfg = Debug|Any CPU
		{6E5086FB-39C1-4158-A391-887CBB1A19A9}.Debug|Any CPU.Build.0 = Debug|Any CPU
		{6E5086FB-39C1-4158-A391-887CBB1A19A9}.Debug|x64.ActiveCfg = Debug|Any CPU
		{6E5086FB-39C1-4158-A391-887CBB1A19A9}.Debug|x64.Build.0 = Debug|Any CPU
		{6E5086FB-39C1-4158-A391-887CBB1A19A9}.Debug|x86.ActiveCfg = Debug|Any CPU
		{6E5086FB-39C1-4158-A391-887CBB1A19A9}.Debug|x86.Build.0 = Debug|Any CPU
		{6E5086FB-39C1-4158-A391-887CBB1A19A9}.Release|Any CPU.ActiveCfg = Release|Any CPU
		{6E5086FB-39C1-4158-A391-887CBB1A19A9}.Release|Any CPU.Build.0 = Release|Any CPU
		{6E5086FB-39C1-4158-A391-887CBB1A19A9}.Release|x64.ActiveCfg = Release|Any CPU
		{6E5086FB-39C1-4158-A391-887CBB1A19A9}.Release|x64.Build.0 = Release|Any CPU
		{6E5086FB-39C1-4158-A391-887CBB1A19A9}.Release|x86.ActiveCfg = Release|Any CPU
		{6E5086FB-39C1-4158-A391-887CBB1A19A9}.Release|x86.Build.0 = Release|Any CPU
		{78BC1411-FF63-431A-803C-4B2EEEE752B9}.Debug|Any CPU.ActiveCfg = Debug|Any CPU
		{78BC1411-FF63-431A-803C-4B2EEEE752B9}.Debug|Any CPU.Build.0 = Debug|Any CPU
		{78BC1411-FF63-431A-803C-4B2EEEE752B9}.Debug|x64.ActiveCfg = Debug|Any CPU
		{78BC1411-FF63-431A-803C-4B2EEEE752B9}.Debug|x64.Build.0 = Debug|Any CPU
		{78BC1411-FF63-431A-803C-4B2EEEE752B9}.Debug|x86.ActiveCfg = Debug|Any CPU
		{78BC1411-FF63-431A-803C-4B2EEEE752B9}.Debug|x86.Build.0 = Debug|Any CPU
		{78BC1411-FF63-431A-803C-4B2EEEE752B9}.Release|Any CPU.ActiveCfg = Release|Any CPU
		{78BC1411-FF63-431A-803C-4B2EEEE752B9}.Release|Any CPU.Build.0 = Release|Any CPU
		{78BC1411-FF63-431A-803C-4B2EEEE752B9}.Release|x64.ActiveCfg = Release|Any CPU
		{78BC1411-FF63-431A-803C-4B2EEEE752B9}.Release|x64.Build.0 = Release|Any CPU
		{78BC1411-FF63-431A-803C-4B2EEEE752B9}.Release|x86.ActiveCfg = Release|Any CPU
		{78BC1411-FF63-431A-803C-4B2EEEE752B9}.Release|x86.Build.0 = Release|Any CPU
		{6D777239-CBA2-485A-8198-E99B67F16141}.Debug|Any CPU.ActiveCfg = Debug|Any CPU
		{6D777239-CBA2-485A-8198-E99B67F16141}.Debug|Any CPU.Build.0 = Debug|Any CPU
		{6D777239-CBA2-485A-8198-E99B67F16141}.Debug|x64.ActiveCfg = Debug|Any CPU
		{6D777239-CBA2-485A-8198-E99B67F16141}.Debug|x64.Build.0 = Debug|Any CPU
		{6D777239-CBA2-485A-8198-E99B67F16141}.Debug|x86.ActiveCfg = Debug|Any CPU
		{6D777239-CBA2-485A-8198-E99B67F16141}.Debug|x86.Build.0 = Debug|Any CPU
		{6D777239-CBA2-485A-8198-E99B67F16141}.Release|Any CPU.ActiveCfg = Release|Any CPU
		{6D777239-CBA2-485A-8198-E99B67F16141}.Release|Any CPU.Build.0 = Release|Any CPU
		{6D777239-CBA2-485A-8198-E99B67F16141}.Release|x64.ActiveCfg = Release|Any CPU
		{6D777239-CBA2-485A-8198-E99B67F16141}.Release|x64.Build.0 = Release|Any CPU
		{6D777239-CBA2-485A-8198-E99B67F16141}.Release|x86.ActiveCfg = Release|Any CPU
		{6D777239-CBA2-485A-8198-E99B67F16141}.Release|x86.Build.0 = Release|Any CPU
		{84E46C68-D36F-464C-AB99-9A1B3F20C4DA}.Debug|Any CPU.ActiveCfg = Debug|Any CPU
		{84E46C68-D36F-464C-AB99-9A1B3F20C4DA}.Debug|Any CPU.Build.0 = Debug|Any CPU
		{84E46C68-D36F-464C-AB99-9A1B3F20C4DA}.Debug|x64.ActiveCfg = Debug|Any CPU
		{84E46C68-D36F-464C-AB99-9A1B3F20C4DA}.Debug|x64.Build.0 = Debug|Any CPU
		{84E46C68-D36F-464C-AB99-9A1B3F20C4DA}.Debug|x86.ActiveCfg = Debug|Any CPU
		{84E46C68-D36F-464C-AB99-9A1B3F20C4DA}.Debug|x86.Build.0 = Debug|Any CPU
		{84E46C68-D36F-464C-AB99-9A1B3F20C4DA}.Release|Any CPU.ActiveCfg = Release|Any CPU
		{84E46C68-D36F-464C-AB99-9A1B3F20C4DA}.Release|Any CPU.Build.0 = Release|Any CPU
		{84E46C68-D36F-464C-AB99-9A1B3F20C4DA}.Release|x64.ActiveCfg = Release|Any CPU
		{84E46C68-D36F-464C-AB99-9A1B3F20C4DA}.Release|x64.Build.0 = Release|Any CPU
		{84E46C68-D36F-464C-AB99-9A1B3F20C4DA}.Release|x86.ActiveCfg = Release|Any CPU
		{84E46C68-D36F-464C-AB99-9A1B3F20C4DA}.Release|x86.Build.0 = Release|Any CPU
		{78A49FB6-171B-4C65-8B1F-58F392B8C25F}.Debug|Any CPU.ActiveCfg = Debug|Any CPU
		{78A49FB6-171B-4C65-8B1F-58F392B8C25F}.Debug|Any CPU.Build.0 = Debug|Any CPU
		{78A49FB6-171B-4C65-8B1F-58F392B8C25F}.Debug|x64.ActiveCfg = Debug|Any CPU
		{78A49FB6-171B-4C65-8B1F-58F392B8C25F}.Debug|x64.Build.0 = Debug|Any CPU
		{78A49FB6-171B-4C65-8B1F-58F392B8C25F}.Debug|x86.ActiveCfg = Debug|Any CPU
		{78A49FB6-171B-4C65-8B1F-58F392B8C25F}.Debug|x86.Build.0 = Debug|Any CPU
		{78A49FB6-171B-4C65-8B1F-58F392B8C25F}.Release|Any CPU.ActiveCfg = Release|Any CPU
		{78A49FB6-171B-4C65-8B1F-58F392B8C25F}.Release|Any CPU.Build.0 = Release|Any CPU
		{78A49FB6-171B-4C65-8B1F-58F392B8C25F}.Release|x64.ActiveCfg = Release|Any CPU
		{78A49FB6-171B-4C65-8B1F-58F392B8C25F}.Release|x64.Build.0 = Release|Any CPU
		{78A49FB6-171B-4C65-8B1F-58F392B8C25F}.Release|x86.ActiveCfg = Release|Any CPU
		{78A49FB6-171B-4C65-8B1F-58F392B8C25F}.Release|x86.Build.0 = Release|Any CPU
		{E3C127B9-4049-441A-85CE-C7AC10397774}.Debug|Any CPU.ActiveCfg = Debug|Any CPU
		{E3C127B9-4049-441A-85CE-C7AC10397774}.Debug|Any CPU.Build.0 = Debug|Any CPU
		{E3C127B9-4049-441A-85CE-C7AC10397774}.Debug|x64.ActiveCfg = Debug|Any CPU
		{E3C127B9-4049-441A-85CE-C7AC10397774}.Debug|x64.Build.0 = Debug|Any CPU
		{E3C127B9-4049-441A-85CE-C7AC10397774}.Debug|x86.ActiveCfg = Debug|Any CPU
		{E3C127B9-4049-441A-85CE-C7AC10397774}.Debug|x86.Build.0 = Debug|Any CPU
		{E3C127B9-4049-441A-85CE-C7AC10397774}.Release|Any CPU.ActiveCfg = Release|Any CPU
		{E3C127B9-4049-441A-85CE-C7AC10397774}.Release|Any CPU.Build.0 = Release|Any CPU
		{E3C127B9-4049-441A-85CE-C7AC10397774}.Release|x64.ActiveCfg = Release|Any CPU
		{E3C127B9-4049-441A-85CE-C7AC10397774}.Release|x64.Build.0 = Release|Any CPU
		{E3C127B9-4049-441A-85CE-C7AC10397774}.Release|x86.ActiveCfg = Release|Any CPU
		{E3C127B9-4049-441A-85CE-C7AC10397774}.Release|x86.Build.0 = Release|Any CPU
		{D07A8F93-1617-4D88-B21C-21BAFB307B03}.Debug|Any CPU.ActiveCfg = Debug|Any CPU
		{D07A8F93-1617-4D88-B21C-21BAFB307B03}.Debug|Any CPU.Build.0 = Debug|Any CPU
		{D07A8F93-1617-4D88-B21C-21BAFB307B03}.Debug|x64.ActiveCfg = Debug|Any CPU
		{D07A8F93-1617-4D88-B21C-21BAFB307B03}.Debug|x64.Build.0 = Debug|Any CPU
		{D07A8F93-1617-4D88-B21C-21BAFB307B03}.Debug|x86.ActiveCfg = Debug|Any CPU
		{D07A8F93-1617-4D88-B21C-21BAFB307B03}.Debug|x86.Build.0 = Debug|Any CPU
		{D07A8F93-1617-4D88-B21C-21BAFB307B03}.Release|Any CPU.ActiveCfg = Release|Any CPU
		{D07A8F93-1617-4D88-B21C-21BAFB307B03}.Release|Any CPU.Build.0 = Release|Any CPU
		{D07A8F93-1617-4D88-B21C-21BAFB307B03}.Release|x64.ActiveCfg = Release|Any CPU
		{D07A8F93-1617-4D88-B21C-21BAFB307B03}.Release|x64.Build.0 = Release|Any CPU
		{D07A8F93-1617-4D88-B21C-21BAFB307B03}.Release|x86.ActiveCfg = Release|Any CPU
		{D07A8F93-1617-4D88-B21C-21BAFB307B03}.Release|x86.Build.0 = Release|Any CPU
		{39520306-222A-4FEB-B45F-D666CA4AA298}.Debug|Any CPU.ActiveCfg = Debug|Any CPU
		{39520306-222A-4FEB-B45F-D666CA4AA298}.Debug|Any CPU.Build.0 = Debug|Any CPU
		{39520306-222A-4FEB-B45F-D666CA4AA298}.Debug|x64.ActiveCfg = Debug|Any CPU
		{39520306-222A-4FEB-B45F-D666CA4AA298}.Debug|x64.Build.0 = Debug|Any CPU
		{39520306-222A-4FEB-B45F-D666CA4AA298}.Debug|x86.ActiveCfg = Debug|Any CPU
		{39520306-222A-4FEB-B45F-D666CA4AA298}.Debug|x86.Build.0 = Debug|Any CPU
		{39520306-222A-4FEB-B45F-D666CA4AA298}.Release|Any CPU.ActiveCfg = Release|Any CPU
		{39520306-222A-4FEB-B45F-D666CA4AA298}.Release|Any CPU.Build.0 = Release|Any CPU
		{39520306-222A-4FEB-B45F-D666CA4AA298}.Release|x64.ActiveCfg = Release|Any CPU
		{39520306-222A-4FEB-B45F-D666CA4AA298}.Release|x64.Build.0 = Release|Any CPU
		{39520306-222A-4FEB-B45F-D666CA4AA298}.Release|x86.ActiveCfg = Release|Any CPU
		{39520306-222A-4FEB-B45F-D666CA4AA298}.Release|x86.Build.0 = Release|Any CPU
	EndGlobalSection
	GlobalSection(SolutionProperties) = preSolution
		HideSolutionNode = FALSE
	EndGlobalSection
EndGlobal
